
Microsoft Visual Studio Solution File, Format Version 12.00
# Visual Studio Version 16
VisualStudioVersion = 16.0.31205.134
MinimumVisualStudioVersion = 10.0.40219.1
Project("{FAE04EC0-301F-11D3-BF4B-00C04F79EFBC}") = "Lab4_OOP", "Lab4_OOP\Lab4_OOP.csproj", "{9529AD39-096D-47E5-9B20-B78254CF316A}"
EndProject
Global
	GlobalSection(SolutionConfigurationPlatforms) = preSolution
		Debug|Any CPU = Debug|Any CPU
		Release|Any CPU = Release|Any CPU
	EndGlobalSection
	GlobalSection(ProjectConfigurationPlatforms) = postSolution
		{9529AD39-096D-47E5-9B20-B78254CF316A}.Debug|Any CPU.ActiveCfg = Debug|Any CPU
		{9529AD39-096D-47E5-9B20-B78254CF316A}.Debug|Any CPU.Build.0 = Debug|Any CPU
		{9529AD39-096D-47E5-9B20-B78254CF316A}.Release|Any CPU.ActiveCfg = Release|Any CPU
		{9529AD39-096D-47E5-9B20-B78254CF316A}.Release|Any CPU.Build.0 = Release|Any CPU
	EndGlobalSection
	GlobalSection(SolutionProperties) = preSolution
		HideSolutionNode = FALSE
	EndGlobalSection
	GlobalSection(ExtensibilityGlobals) = postSolution
		SolutionGuid = {E635D34A-99A8-422C-9409-BE7F11AD98F2}
	EndGlobalSection
EndGlobal
